
Microsoft Visual Studio Solution File, Format Version 12.00
# Visual Studio Version 16
VisualStudioVersion = 16.0.30711.63
MinimumVisualStudioVersion = 10.0.40219.1
Project("{9A19103F-16F7-4668-BE54-9A1E7A4F7556}") = "Seasons-of-Serverless-Step7", "Seasons-of-Serverless-Step7.csproj", "{D1808153-C547-46DE-9560-0FE7332547FF}"
EndProject
Global
	GlobalSection(SolutionConfigurationPlatforms) = preSolution
		Debug|Any CPU = Debug|Any CPU
		Release|Any CPU = Release|Any CPU
	EndGlobalSection
	GlobalSection(ProjectConfigurationPlatforms) = postSolution
		{D1808153-C547-46DE-9560-0FE7332547FF}.Debug|Any CPU.ActiveCfg = Debug|Any CPU
		{D1808153-C547-46DE-9560-0FE7332547FF}.Debug|Any CPU.Build.0 = Debug|Any CPU
		{D1808153-C547-46DE-9560-0FE7332547FF}.Release|Any CPU.ActiveCfg = Release|Any CPU
		{D1808153-C547-46DE-9560-0FE7332547FF}.Release|Any CPU.Build.0 = Release|Any CPU
	EndGlobalSection
	GlobalSection(SolutionProperties) = preSolution
		HideSolutionNode = FALSE
	EndGlobalSection
	GlobalSection(ExtensibilityGlobals) = postSolution
		SolutionGuid = {EAD673A3-C2AD-4B05-BEA3-941444673094}
	EndGlobalSection
EndGlobal
