
Microsoft Visual Studio Solution File, Format Version 12.00
# Visual Studio 15
VisualStudioVersion = 15.0.26124.0
MinimumVisualStudioVersion = 15.0.26124.0
Project("{FAE04EC0-301F-11D3-BF4B-00C04F79EFBC}") = "Seasons-of-Serverless-Step2", "Step-2\Seasons-of-Serverless-Step2.csproj", "{9A0F7DC4-6188-4F6F-8524-9536FBC706ED}"
EndProject
Project("{FAE04EC0-301F-11D3-BF4B-00C04F79EFBC}") = "Seasons-of-Serverless-Step5", "Step-5\Seasons-of-Serverless-Step5.csproj", "{8095AD7D-7A27-4240-B284-513F3D8EFF9B}"
EndProject
Project("{FAE04EC0-301F-11D3-BF4B-00C04F79EFBC}") = "Seasons-of-Serverless-Step7", "Step-7\Seasons-of-Serverless-Step7.csproj", "{DBCD4FAF-9B3C-4CB5-88CF-5C849FF68150}"
EndProject
Global
	GlobalSection(SolutionConfigurationPlatforms) = preSolution
		Debug|Any CPU = Debug|Any CPU
		Debug|x64 = Debug|x64
		Debug|x86 = Debug|x86
		Release|Any CPU = Release|Any CPU
		Release|x64 = Release|x64
		Release|x86 = Release|x86
	EndGlobalSection
	GlobalSection(SolutionProperties) = preSolution
		HideSolutionNode = FALSE
	EndGlobalSection
	GlobalSection(ProjectConfigurationPlatforms) = postSolution
		{9A0F7DC4-6188-4F6F-8524-9536FBC706ED}.Debug|Any CPU.ActiveCfg = Debug|Any CPU
		{9A0F7DC4-6188-4F6F-8524-9536FBC706ED}.Debug|Any CPU.Build.0 = Debug|Any CPU
		{9A0F7DC4-6188-4F6F-8524-9536FBC706ED}.Debug|x64.ActiveCfg = Debug|Any CPU
		{9A0F7DC4-6188-4F6F-8524-9536FBC706ED}.Debug|x64.Build.0 = Debug|Any CPU
		{9A0F7DC4-6188-4F6F-8524-9536FBC706ED}.Debug|x86.ActiveCfg = Debug|Any CPU
		{9A0F7DC4-6188-4F6F-8524-9536FBC706ED}.Debug|x86.Build.0 = Debug|Any CPU
		{9A0F7DC4-6188-4F6F-8524-9536FBC706ED}.Release|Any CPU.ActiveCfg = Release|Any CPU
		{9A0F7DC4-6188-4F6F-8524-9536FBC706ED}.Release|Any CPU.Build.0 = Release|Any CPU
		{9A0F7DC4-6188-4F6F-8524-9536FBC706ED}.Release|x64.ActiveCfg = Release|Any CPU
		{9A0F7DC4-6188-4F6F-8524-9536FBC706ED}.Release|x64.Build.0 = Release|Any CPU
		{9A0F7DC4-6188-4F6F-8524-9536FBC706ED}.Release|x86.ActiveCfg = Release|Any CPU
		{9A0F7DC4-6188-4F6F-8524-9536FBC706ED}.Release|x86.Build.0 = Release|Any CPU
		{8095AD7D-7A27-4240-B284-513F3D8EFF9B}.Debug|Any CPU.ActiveCfg = Debug|Any CPU
		{8095AD7D-7A27-4240-B284-513F3D8EFF9B}.Debug|Any CPU.Build.0 = Debug|Any CPU
		{8095AD7D-7A27-4240-B284-513F3D8EFF9B}.Debug|x64.ActiveCfg = Debug|Any CPU
		{8095AD7D-7A27-4240-B284-513F3D8EFF9B}.Debug|x64.Build.0 = Debug|Any CPU
		{8095AD7D-7A27-4240-B284-513F3D8EFF9B}.Debug|x86.ActiveCfg = Debug|Any CPU
		{8095AD7D-7A27-4240-B284-513F3D8EFF9B}.Debug|x86.Build.0 = Debug|Any CPU
		{8095AD7D-7A27-4240-B284-513F3D8EFF9B}.Release|Any CPU.ActiveCfg = Release|Any CPU
		{8095AD7D-7A27-4240-B284-513F3D8EFF9B}.Release|Any CPU.Build.0 = Release|Any CPU
		{8095AD7D-7A27-4240-B284-513F3D8EFF9B}.Release|x64.ActiveCfg = Release|Any CPU
		{8095AD7D-7A27-4240-B284-513F3D8EFF9B}.Release|x64.Build.0 = Release|Any CPU
		{8095AD7D-7A27-4240-B284-513F3D8EFF9B}.Release|x86.ActiveCfg = Release|Any CPU
		{8095AD7D-7A27-4240-B284-513F3D8EFF9B}.Release|x86.Build.0 = Release|Any CPU
		{DBCD4FAF-9B3C-4CB5-88CF-5C849FF68150}.Debug|Any CPU.ActiveCfg = Debug|Any CPU
		{DBCD4FAF-9B3C-4CB5-88CF-5C849FF68150}.Debug|Any CPU.Build.0 = Debug|Any CPU
		{DBCD4FAF-9B3C-4CB5-88CF-5C849FF68150}.Debug|x64.ActiveCfg = Debug|Any CPU
		{DBCD4FAF-9B3C-4CB5-88CF-5C849FF68150}.Debug|x64.Build.0 = Debug|Any CPU
		{DBCD4FAF-9B3C-4CB5-88CF-5C849FF68150}.Debug|x86.ActiveCfg = Debug|Any CPU
		{DBCD4FAF-9B3C-4CB5-88CF-5C849FF68150}.Debug|x86.Build.0 = Debug|Any CPU
		{DBCD4FAF-9B3C-4CB5-88CF-5C849FF68150}.Release|Any CPU.ActiveCfg = Release|Any CPU
		{DBCD4FAF-9B3C-4CB5-88CF-5C849FF68150}.Release|Any CPU.Build.0 = Release|Any CPU
		{DBCD4FAF-9B3C-4CB5-88CF-5C849FF68150}.Release|x64.ActiveCfg = Release|Any CPU
		{DBCD4FAF-9B3C-4CB5-88CF-5C849FF68150}.Release|x64.Build.0 = Release|Any CPU
		{DBCD4FAF-9B3C-4CB5-88CF-5C849FF68150}.Release|x86.ActiveCfg = Release|Any CPU
		{DBCD4FAF-9B3C-4CB5-88CF-5C849FF68150}.Release|x86.Build.0 = Release|Any CPU
	EndGlobalSection
EndGlobal
